// !$*UTF8*$!
{
	archiveVersion = 1;
	classes = {
	};
	objectVersion = 48;
	objects = {

/* Begin PBXBuildFile section */
		3F5A06DC20298B6B00C48C34 /* AppDelegate.swift in Sources */ = {isa = PBXBuildFile; fileRef = 3F5A06DB20298B6B00C48C34 /* AppDelegate.swift */; };
		3F5A06E320298B6B00C48C34 /* Assets.xcassets in Resources */ = {isa = PBXBuildFile; fileRef = 3F5A06E220298B6B00C48C34 /* Assets.xcassets */; };
		3F5A06E620298B6B00C48C34 /* LaunchScreen.storyboard in Resources */ = {isa = PBXBuildFile; fileRef = 3F5A06E420298B6B00C48C34 /* LaunchScreen.storyboard */; };
		3F5A06F2202996CA00C48C34 /* UserProfileController.swift in Sources */ = {isa = PBXBuildFile; fileRef = 3F5A06F1202996CA00C48C34 /* UserProfileController.swift */; };
		3F5A06F52029975D00C48C34 /* CustomButton.swift in Sources */ = {isa = PBXBuildFile; fileRef = 3F5A06F42029975D00C48C34 /* CustomButton.swift */; };
		3F5A06F820299EB700C48C34 /* ParentController.swift in Sources */ = {isa = PBXBuildFile; fileRef = 3F5A06F720299EB700C48C34 /* ParentController.swift */; };
		3F5A07032029C0E200C48C34 /* LoginController.swift in Sources */ = {isa = PBXBuildFile; fileRef = 3F5A07022029C0E200C48C34 /* LoginController.swift */; };
		3F5A07052029C11100C48C34 /* MainViewController.swift in Sources */ = {isa = PBXBuildFile; fileRef = 3F5A07042029C11100C48C34 /* MainViewController.swift */; };
/* End PBXBuildFile section */

/* Begin PBXFileReference section */
		3F5A06D820298B6B00C48C34 /* Catering.app */ = {isa = PBXFileReference; explicitFileType = wrapper.application; includeInIndex = 0; path = Catering.app; sourceTree = BUILT_PRODUCTS_DIR; };
		3F5A06DB20298B6B00C48C34 /* AppDelegate.swift */ = {isa = PBXFileReference; lastKnownFileType = sourcecode.swift; path = AppDelegate.swift; sourceTree = "<group>"; };
		3F5A06E220298B6B00C48C34 /* Assets.xcassets */ = {isa = PBXFileReference; lastKnownFileType = folder.assetcatalog; path = Assets.xcassets; sourceTree = "<group>"; };
		3F5A06E520298B6B00C48C34 /* Base */ = {isa = PBXFileReference; lastKnownFileType = file.storyboard; name = Base; path = Base.lproj/LaunchScreen.storyboard; sourceTree = "<group>"; };
		3F5A06E720298B6B00C48C34 /* Info.plist */ = {isa = PBXFileReference; lastKnownFileType = text.plist.xml; path = Info.plist; sourceTree = "<group>"; };
		3F5A06F1202996CA00C48C34 /* UserProfileController.swift */ = {isa = PBXFileReference; lastKnownFileType = sourcecode.swift; path = UserProfileController.swift; sourceTree = "<group>"; };
		3F5A06F42029975D00C48C34 /* CustomButton.swift */ = {isa = PBXFileReference; lastKnownFileType = sourcecode.swift; path = CustomButton.swift; sourceTree = "<group>"; };
		3F5A06F720299EB700C48C34 /* ParentController.swift */ = {isa = PBXFileReference; lastKnownFileType = sourcecode.swift; path = ParentController.swift; sourceTree = "<group>"; };
		3F5A07022029C0E200C48C34 /* LoginController.swift */ = {isa = PBXFileReference; lastKnownFileType = sourcecode.swift; path = LoginController.swift; sourceTree = "<group>"; };
		3F5A07042029C11100C48C34 /* MainViewController.swift */ = {isa = PBXFileReference; lastKnownFileType = sourcecode.swift; path = MainViewController.swift; sourceTree = "<group>"; };
/* End PBXFileReference section */

/* Begin PBXFrameworksBuildPhase section */
		3F5A06D520298B6B00C48C34 /* Frameworks */ = {
			isa = PBXFrameworksBuildPhase;
			buildActionMask = 2147483647;
			files = (
			);
			runOnlyForDeploymentPostprocessing = 0;
		};
/* End PBXFrameworksBuildPhase section */

/* Begin PBXGroup section */
		3F5A06CF20298B6B00C48C34 = {
			isa = PBXGroup;
			children = (
				3F5A06DA20298B6B00C48C34 /* Catering */,
				3F5A06D920298B6B00C48C34 /* Products */,
			);
			sourceTree = "<group>";
		};
		3F5A06D920298B6B00C48C34 /* Products */ = {
			isa = PBXGroup;
			children = (
				3F5A06D820298B6B00C48C34 /* Catering.app */,
			);
			name = Products;
			sourceTree = "<group>";
		};
		3F5A06DA20298B6B00C48C34 /* Catering */ = {
			isa = PBXGroup;
			children = (
				3F5A06F32029973600C48C34 /* CustomUIComponents */,
				3F5A06DB20298B6B00C48C34 /* AppDelegate.swift */,
				3F5A07022029C0E200C48C34 /* LoginController.swift */,
				3F5A07042029C11100C48C34 /* MainViewController.swift */,
				3F5A06F1202996CA00C48C34 /* UserProfileController.swift */,
				3F5A06F720299EB700C48C34 /* ParentController.swift */,
				3F5A06E220298B6B00C48C34 /* Assets.xcassets */,
				3F5A06E420298B6B00C48C34 /* LaunchScreen.storyboard */,
				3F5A06E720298B6B00C48C34 /* Info.plist */,
			);
			path = Catering;
			sourceTree = "<group>";
		};
		3F5A06F32029973600C48C34 /* CustomUIComponents */ = {
			isa = PBXGroup;
			children = (
				3F5A06F42029975D00C48C34 /* CustomButton.swift */,
			);
			path = CustomUIComponents;
			sourceTree = "<group>";
		};
/* End PBXGroup section */

/* Begin PBXNativeTarget section */
		3F5A06D720298B6B00C48C34 /* Catering */ = {
			isa = PBXNativeTarget;
			buildConfigurationList = 3F5A06EA20298B6B00C48C34 /* Build configuration list for PBXNativeTarget "Catering" */;
			buildPhases = (
				3F5A06D420298B6B00C48C34 /* Sources */,
				3F5A06D520298B6B00C48C34 /* Frameworks */,
				3F5A06D620298B6B00C48C34 /* Resources */,
			);
			buildRules = (
			);
			dependencies = (
			);
			name = Catering;
			productName = Catering;
			productReference = 3F5A06D820298B6B00C48C34 /* Catering.app */;
			productType = "com.apple.product-type.application";
		};
/* End PBXNativeTarget section */

/* Begin PBXProject section */
		3F5A06D020298B6B00C48C34 /* Project object */ = {
			isa = PBXProject;
			attributes = {
				LastSwiftUpdateCheck = 0920;
				LastUpgradeCheck = 0920;
				ORGANIZATIONNAME = Raju;
				TargetAttributes = {
					3F5A06D720298B6B00C48C34 = {
						CreatedOnToolsVersion = 9.2;
						ProvisioningStyle = Automatic;
					};
				};
			};
			buildConfigurationList = 3F5A06D320298B6B00C48C34 /* Build configuration list for PBXProject "Catering" */;
			compatibilityVersion = "Xcode 8.0";
			developmentRegion = en;
			hasScannedForEncodings = 0;
			knownRegions = (
				en,
				Base,
			);
			mainGroup = 3F5A06CF20298B6B00C48C34;
			productRefGroup = 3F5A06D920298B6B00C48C34 /* Products */;
			projectDirPath = "";
			projectRoot = "";
			targets = (
				3F5A06D720298B6B00C48C34 /* Catering */,
			);
		};
/* End PBXProject section */

/* Begin PBXResourcesBuildPhase section */
		3F5A06D620298B6B00C48C34 /* Resources */ = {
			isa = PBXResourcesBuildPhase;
			buildActionMask = 2147483647;
			files = (
				3F5A06E620298B6B00C48C34 /* LaunchScreen.storyboard in Resources */,
				3F5A06E320298B6B00C48C34 /* Assets.xcassets in Resources */,
			);
			runOnlyForDeploymentPostprocessing = 0;
		};
/* End PBXResourcesBuildPhase section */

/* Begin PBXSourcesBuildPhase section */
		3F5A06D420298B6B00C48C34 /* Sources */ = {
			isa = PBXSourcesBuildPhase;
			buildActionMask = 2147483647;
			files = (
				3F5A06F52029975D00C48C34 /* CustomButton.swift in Sources */,
				3F5A07032029C0E200C48C34 /* LoginController.swift in Sources */,
				3F5A06F820299EB700C48C34 /* ParentController.swift in Sources */,
				3F5A07052029C11100C48C34 /* MainViewController.swift in Sources */,
				3F5A06DC20298B6B00C48C34 /* AppDelegate.swift in Sources */,
				3F5A06F2202996CA00C48C34 /* UserProfileController.swift in Sources */,
			);
			runOnlyForDeploymentPostprocessing = 0;
		};
/* End PBXSourcesBuildPhase section */

/* Begin PBXVariantGroup section */
		3F5A06E420298B6B00C48C34 /* LaunchScreen.storyboard */ = {
			isa = PBXVariantGroup;
			children = (
				3F5A06E520298B6B00C48C34 /* Base */,
			);
			name = LaunchScreen.storyboard;
			sourceTree = "<group>";
		};
/* End PBXVariantGroup section */

/* Begin XCBuildConfiguration section */
		3F5A06E820298B6B00C48C34 /* Debug */ = {
			isa = XCBuildConfiguration;
			buildSettings = {
				ALWAYS_SEARCH_USER_PATHS = NO;
				CLANG_ANALYZER_NONNULL = YES;
				CLANG_ANALYZER_NUMBER_OBJECT_CONVERSION = YES_AGGRESSIVE;
				CLANG_CXX_LANGUAGE_STANDARD = "gnu++14";
				CLANG_CXX_LIBRARY = "libc++";
				CLANG_ENABLE_MODULES = YES;
				CLANG_ENABLE_OBJC_ARC = YES;
				CLANG_WARN_BLOCK_CAPTURE_AUTORELEASING = YES;
				CLANG_WARN_BOOL_CONVERSION = YES;
				CLANG_WARN_COMMA = YES;
				CLANG_WARN_CONSTANT_CONVERSION = YES;
				CLANG_WARN_DIRECT_OBJC_ISA_USAGE = YES_ERROR;
				CLANG_WARN_DOCUMENTATION_COMMENTS = YES;
				CLANG_WARN_EMPTY_BODY = YES;
				CLANG_WARN_ENUM_CONVERSION = YES;
				CLANG_WARN_INFINITE_RECURSION = YES;
				CLANG_WARN_INT_CONVERSION = YES;
				CLANG_WARN_NON_LITERAL_NULL_CONVERSION = YES;
				CLANG_WARN_OBJC_LITERAL_CONVERSION = YES;
				CLANG_WARN_OBJC_ROOT_CLASS = YES_ERROR;
				CLANG_WARN_RANGE_LOOP_ANALYSIS = YES;
				CLANG_WARN_STRICT_PROTOTYPES = YES;
				CLANG_WARN_SUSPICIOUS_MOVE = YES;
				CLANG_WARN_UNGUARDED_AVAILABILITY = YES_AGGRESSIVE;
				CLANG_WARN_UNREACHABLE_CODE = YES;
				CLANG_WARN__DUPLICATE_METHOD_MATCH = YES;
				CODE_SIGN_IDENTITY = "iPhone Developer";
				COPY_PHASE_STRIP = NO;
				DEBUG_INFORMATION_FORMAT = dwarf;
				ENABLE_STRICT_OBJC_MSGSEND = YES;
				ENABLE_TESTABILITY = YES;
				GCC_C_LANGUAGE_STANDARD = gnu11;
				GCC_DYNAMIC_NO_PIC = NO;
				GCC_NO_COMMON_BLOCKS = YES;
				GCC_OPTIMIZATION_LEVEL = 0;
				GCC_PREPROCESSOR_DEFINITIONS = (
					"DEBUG=1",
					"$(inherited)",
				);
				GCC_WARN_64_TO_32_BIT_CONVERSION = YES;
				GCC_WARN_ABOUT_RETURN_TYPE = YES_ERROR;
				GCC_WARN_UNDECLARED_SELECTOR = YES;
				GCC_WARN_UNINITIALIZED_AUTOS = YES_AGGRESSIVE;
				GCC_WARN_UNUSED_FUNCTION = YES;
				GCC_WARN_UNUSED_VARIABLE = YES;
				IPHONEOS_DEPLOYMENT_TARGET = 11.2;
				MTL_ENABLE_DEBUG_INFO = YES;
				ONLY_ACTIVE_ARCH = YES;
				SDKROOT = iphoneos;
				SWIFT_ACTIVE_COMPILATION_CONDITIONS = DEBUG;
				SWIFT_OPTIMIZATION_LEVEL = "-Onone";
			};
			name = Debug;
		};
		3F5A06E920298B6B00C48C34 /* Release */ = {
			isa = XCBuildConfiguration;
			buildSettings = {
				ALWAYS_SEARCH_USER_PATHS = NO;
				CLANG_ANALYZER_NONNULL = YES;
				CLANG_ANALYZER_NUMBER_OBJECT_CONVERSION = YES_AGGRESSIVE;
				CLANG_CXX_LANGUAGE_STANDARD = "gnu++14";
				CLANG_CXX_LIBRARY = "libc++";
				CLANG_ENABLE_MODULES = YES;
				CLANG_ENABLE_OBJC_ARC = YES;
				CLANG_WARN_BLOCK_CAPTURE_AUTORELEASING = YES;
				CLANG_WARN_BOOL_CONVERSION = YES;
				CLANG_WARN_COMMA = YES;
				CLANG_WARN_CONSTANT_CONVERSION = YES;
				CLANG_WARN_DIRECT_OBJC_ISA_USAGE = YES_ERROR;
				CLANG_WARN_DOCUMENTATION_COMMENTS = YES;
				CLANG_WARN_EMPTY_BODY = YES;
				CLANG_WARN_ENUM_CONVERSION = YES;
				CLANG_WARN_INFINITE_RECURSION = YES;
				CLANG_WARN_INT_CONVERSION = YES;
				CLANG_WARN_NON_LITERAL_NULL_CONVERSION = YES;
				CLANG_WARN_OBJC_LITERAL_CONVERSION = YES;
				CLANG_WARN_OBJC_ROOT_CLASS = YES_ERROR;
				CLANG_WARN_RANGE_LOOP_ANALYSIS = YES;
				CLANG_WARN_STRICT_PROTOTYPES = YES;
				CLANG_WARN_SUSPICIOUS_MOVE = YES;
				CLANG_WARN_UNGUARDED_AVAILABILITY = YES_AGGRESSIVE;
				CLANG_WARN_UNREACHABLE_CODE = YES;
				CLANG_WARN__DUPLICATE_METHOD_MATCH = YES;
				CODE_SIGN_IDENTITY = "iPhone Developer";
				COPY_PHASE_STRIP = NO;
				DEBUG_INFORMATION_FORMAT = "dwarf-with-dsym";
				ENABLE_NS_ASSERTIONS = NO;
				ENABLE_STRICT_OBJC_MSGSEND = YES;
				GCC_C_LANGUAGE_STANDARD = gnu11;
				GCC_NO_COMMON_BLOCKS = YES;
				GCC_WARN_64_TO_32_BIT_CONVERSION = YES;
				GCC_WARN_ABOUT_RETURN_TYPE = YES_ERROR;
				GCC_WARN_UNDECLARED_SELECTOR = YES;
				GCC_WARN_UNINITIALIZED_AUTOS = YES_AGGRESSIVE;
				GCC_WARN_UNUSED_FUNCTION = YES;
				GCC_WARN_UNUSED_VARIABLE = YES;
				IPHONEOS_DEPLOYMENT_TARGET = 11.2;
				MTL_ENABLE_DEBUG_INFO = NO;
				SDKROOT = iphoneos;
				SWIFT_OPTIMIZATION_LEVEL = "-Owholemodule";
				VALIDATE_PRODUCT = YES;
			};
			name = Release;
		};
		3F5A06EB20298B6B00C48C34 /* Debug */ = {
			isa = XCBuildConfiguration;
			buildSettings = {
				ASSETCATALOG_COMPILER_APPICON_NAME = AppIcon;
				CODE_SIGN_STYLE = Automatic;
				DEVELOPMENT_TEAM = RVS7G7VTFB;
				INFOPLIST_FILE = Catering/Info.plist;
				LD_RUNPATH_SEARCH_PATHS = "$(inherited) @executable_path/Frameworks";
				PRODUCT_BUNDLE_IDENTIFIER = Raju.Catering;
				PRODUCT_NAME = "$(TARGET_NAME)";
				SWIFT_VERSION = 4.0;
				TARGETED_DEVICE_FAMILY = "1,2";
			};
			name = Debug;
		};
		3F5A06EC20298B6B00C48C34 /* Release */ = {
			isa = XCBuildConfiguration;
			buildSettings = {
				ASSETCATALOG_COMPILER_APPICON_NAME = AppIcon;
				CODE_SIGN_STYLE = Automatic;
				DEVELOPMENT_TEAM = RVS7G7VTFB;
				INFOPLIST_FILE = Catering/Info.plist;
				LD_RUNPATH_SEARCH_PATHS = "$(inherited) @executable_path/Frameworks";
				PRODUCT_BUNDLE_IDENTIFIER = Raju.Catering;
				PRODUCT_NAME = "$(TARGET_NAME)";
				SWIFT_VERSION = 4.0;
				TARGETED_DEVICE_FAMILY = "1,2";
			};
			name = Release;
		};
/* End XCBuildConfiguration section */

/* Begin XCConfigurationList section */
		3F5A06D320298B6B00C48C34 /* Build configuration list for PBXProject "Catering" */ = {
			isa = XCConfigurationList;
			buildConfigurations = (
				3F5A06E820298B6B00C48C34 /* Debug */,
				3F5A06E920298B6B00C48C34 /* Release */,
			);
			defaultConfigurationIsVisible = 0;
			defaultConfigurationName = Release;
		};
		3F5A06EA20298B6B00C48C34 /* Build configuration list for PBXNativeTarget "Catering" */ = {
			isa = XCConfigurationList;
			buildConfigurations = (
				3F5A06EB20298B6B00C48C34 /* Debug */,
				3F5A06EC20298B6B00C48C34 /* Release */,
			);
			defaultConfigurationIsVisible = 0;
			defaultConfigurationName = Release;
		};
/* End XCConfigurationList section */
	};
	rootObject = 3F5A06D020298B6B00C48C34 /* Project object */;
}
